
Microsoft Visual Studio Solution File, Format Version 12.00
# Visual Studio 14
VisualStudioVersion = 14.0.25420.1
MinimumVisualStudioVersion = 10.0.40219.1
Project("{FAE04EC0-301F-11D3-BF4B-00C04F79EFBC}") = "SpatialIndexing", "SpatialIndexing\SpatialIndexing.csproj", "{59FEA8B1-2ADA-435B-9656-CFF42CCE620F}"
EndProject
Project("{FAE04EC0-301F-11D3-BF4B-00C04F79EFBC}") = "SpatialIndexingConsole", "SpatialIndexingConsole\SpatialIndexingConsole.csproj", "{2C55B5E5-04D7-4CF7-BD84-FB6B6ED302F3}"
EndProject
Project("{FAE04EC0-301F-11D3-BF4B-00C04F79EFBC}") = "SpatialIndexingTest", "SpatialIndexingTest\SpatialIndexingTest.csproj", "{F103918C-53E7-40A0-96EE-872C77A94BF9}"
EndProject
Global
	GlobalSection(SolutionConfigurationPlatforms) = preSolution
		Debug|Any CPU = Debug|Any CPU
		Release|Any CPU = Release|Any CPU
	EndGlobalSection
	GlobalSection(ProjectConfigurationPlatforms) = postSolution
		{59FEA8B1-2ADA-435B-9656-CFF42CCE620F}.Debug|Any CPU.ActiveCfg = Debug|Any CPU
		{59FEA8B1-2ADA-435B-9656-CFF42CCE620F}.Debug|Any CPU.Build.0 = Debug|Any CPU
		{59FEA8B1-2ADA-435B-9656-CFF42CCE620F}.Release|Any CPU.ActiveCfg = Release|Any CPU
		{59FEA8B1-2ADA-435B-9656-CFF42CCE620F}.Release|Any CPU.Build.0 = Release|Any CPU
		{2C55B5E5-04D7-4CF7-BD84-FB6B6ED302F3}.Debug|Any CPU.ActiveCfg = Debug|Any CPU
		{2C55B5E5-04D7-4CF7-BD84-FB6B6ED302F3}.Debug|Any CPU.Build.0 = Debug|Any CPU
		{2C55B5E5-04D7-4CF7-BD84-FB6B6ED302F3}.Release|Any CPU.ActiveCfg = Release|Any CPU
		{2C55B5E5-04D7-4CF7-BD84-FB6B6ED302F3}.Release|Any CPU.Build.0 = Release|Any CPU
		{F103918C-53E7-40A0-96EE-872C77A94BF9}.Debug|Any CPU.ActiveCfg = Debug|Any CPU
		{F103918C-53E7-40A0-96EE-872C77A94BF9}.Debug|Any CPU.Build.0 = Debug|Any CPU
		{F103918C-53E7-40A0-96EE-872C77A94BF9}.Release|Any CPU.ActiveCfg = Release|Any CPU
		{F103918C-53E7-40A0-96EE-872C77A94BF9}.Release|Any CPU.Build.0 = Release|Any CPU
	EndGlobalSection
	GlobalSection(SolutionProperties) = preSolution
		HideSolutionNode = FALSE
	EndGlobalSection
EndGlobal
